{
    "version": 3,
    "terraform_version": "0.10.8",
    "serial": 19,
    "lineage": "5777d062-42fe-4b7f-aa05-20eb5cedc7d3",
    "modules": [
        {
            "path": [
                "root"
            ],
            "outputs": {},
            "resources": {
                "aws_api_gateway_base_path_mapping.lucidify_v1": {
                    "type": "aws_api_gateway_base_path_mapping",
                    "depends_on": [
                        "aws_api_gateway_deployment.lucidify_v1",
                        "aws_api_gateway_domain_name.lucidify",
                        "aws_api_gateway_rest_api.lucidify"
                    ],
                    "primary": {
                        "id": "api.lucidi.fi/v1",
                        "attributes": {
                            "api_id": "m78dvviefb",
                            "base_path": "v1",
                            "domain_name": "api.lucidi.fi",
                            "id": "api.lucidi.fi/v1",
                            "stage_name": "v1"
                        },
                        "meta": {},
                        "tainted": false
                    },
                    "deposed": [],
                    "provider": ""
                },
                "aws_api_gateway_deployment.lucidify_v1": {
                    "type": "aws_api_gateway_deployment",
                    "depends_on": [
                        "aws_api_gateway_rest_api.lucidify"
                    ],
                    "primary": {
                        "id": "j26b3u",
                        "attributes": {
                            "created_date": "2017-10-31T00:27:50Z",
                            "description": "",
                            "execution_arn": "arn:aws:execute-api:us-east-1:517024416594:m78dvviefb/v1",
                            "id": "j26b3u",
                            "invoke_url": "https://m78dvviefb.execute-api.us-east-1.amazonaws.com/v1",
                            "rest_api_id": "m78dvviefb",
                            "stage_name": "v1"
                        },
                        "meta": {},
                        "tainted": false
                    },
                    "deposed": [],
                    "provider": ""
                },
                "aws_api_gateway_domain_name.lucidify": {
                    "type": "aws_api_gateway_domain_name",
                    "depends_on": [
                        "data.aws_acm_certificate.lucidify"
                    ],
                    "primary": {
                        "id": "api.lucidi.fi",
                        "attributes": {
                            "certificate_arn": "arn:aws:acm:us-east-1:517024416594:certificate/c4fbecef-0270-4a35-8148-35fed71fe3d8",
                            "certificate_name": "",
                            "certificate_upload_date": "2017-10-31T00:25:16Z",
                            "cloudfront_domain_name": "dbhq0hz9b61er.cloudfront.net",
                            "cloudfront_zone_id": "Z2FDTNDATAQYW2",
                            "domain_name": "api.lucidi.fi",
                            "id": "api.lucidi.fi"
                        },
                        "meta": {},
                        "tainted": false
                    },
                    "deposed": [],
                    "provider": ""
                },
                "aws_api_gateway_integration.login_integration": {
                    "type": "aws_api_gateway_integration",
                    "depends_on": [
                        "aws_api_gateway_method.login_get",
                        "aws_api_gateway_resource.login",
                        "aws_api_gateway_rest_api.lucidify",
                        "aws_iam_role.api_executor",
                        "aws_lambda_function.api_login",
                        "data.aws_region.current"
                    ],
                    "primary": {
                        "id": "agi-m78dvviefb-iwfp52-GET",
                        "attributes": {
                            "cache_key_parameters.#": "0",
                            "cache_namespace": "iwfp52",
                            "credentials": "arn:aws:iam::517024416594:role/api-executor-role",
                            "http_method": "GET",
                            "id": "agi-m78dvviefb-iwfp52-GET",
                            "integration_http_method": "POST",
                            "passthrough_behavior": "WHEN_NO_MATCH",
                            "request_parameters.%": "0",
                            "request_templates.%": "0",
                            "resource_id": "iwfp52",
                            "rest_api_id": "m78dvviefb",
                            "type": "AWS_PROXY",
                            "uri": "arn:aws:apigateway:us-east-1:lambda:path/2015-03-31/functions/arn:aws:lambda:us-east-1:517024416594:function:login-lambda/invocations"
                        },
                        "meta": {},
                        "tainted": false
                    },
                    "deposed": [],
                    "provider": ""
                },
                "aws_api_gateway_method.login_get": {
                    "type": "aws_api_gateway_method",
                    "depends_on": [
                        "aws_api_gateway_resource.login",
                        "aws_api_gateway_rest_api.lucidify"
                    ],
                    "primary": {
                        "id": "agm-m78dvviefb-iwfp52-GET",
                        "attributes": {
                            "api_key_required": "false",
                            "authorization": "NONE",
                            "authorizer_id": "",
                            "http_method": "GET",
                            "id": "agm-m78dvviefb-iwfp52-GET",
                            "request_models.%": "0",
                            "request_parameters.%": "0",
                            "request_validator_id": "",
                            "resource_id": "iwfp52",
                            "rest_api_id": "m78dvviefb"
                        },
                        "meta": {},
                        "tainted": false
                    },
                    "deposed": [],
                    "provider": ""
                },
                "aws_api_gateway_resource.login": {
                    "type": "aws_api_gateway_resource",
                    "depends_on": [
                        "aws_api_gateway_rest_api.lucidify"
                    ],
                    "primary": {
                        "id": "iwfp52",
                        "attributes": {
                            "id": "iwfp52",
                            "parent_id": "0xlbnc9ss8",
                            "path": "/login",
                            "path_part": "login",
                            "rest_api_id": "m78dvviefb"
                        },
                        "meta": {},
                        "tainted": false
                    },
                    "deposed": [],
                    "provider": ""
                },
                "aws_api_gateway_rest_api.lucidify": {
                    "type": "aws_api_gateway_rest_api",
                    "depends_on": [],
                    "primary": {
                        "id": "m78dvviefb",
                        "attributes": {
                            "binary_media_types.#": "0",
                            "created_date": "2017-10-31T00:25:13Z",
                            "description": "The Lucidify API",
                            "id": "m78dvviefb",
                            "name": "Lucidify-API",
                            "root_resource_id": "0xlbnc9ss8"
                        },
                        "meta": {},
                        "tainted": false
                    },
                    "deposed": [],
                    "provider": ""
                },
                "aws_cloudfront_distribution.site_distribution": {
                    "type": "aws_cloudfront_distribution",
                    "depends_on": [
                        "aws_s3_bucket.static_site_bucket",
                        "data.aws_acm_certificate.lucidify"
                    ],
                    "primary": {
                        "id": "E20ATBP3TNJR4T",
                        "attributes": {
                            "active_trusted_signers.%": "2",
                            "active_trusted_signers.enabled": "false",
                            "active_trusted_signers.items.#": "0",
                            "aliases.#": "2",
                            "aliases.3395867307": "www.lucidi.fi",
                            "aliases.852354611": "lucidi.fi",
                            "arn": "arn:aws:cloudfront::517024416594:distribution/E20ATBP3TNJR4T",
                            "cache_behavior.#": "0",
                            "caller_reference": "2017-10-30T19:32:05.7890914-05:00",
                            "custom_error_response.#": "0",
                            "default_cache_behavior.#": "1",
                            "default_cache_behavior.2477704152.allowed_methods.#": "2",
                            "default_cache_behavior.2477704152.allowed_methods.0": "HEAD",
                            "default_cache_behavior.2477704152.allowed_methods.1": "GET",
                            "default_cache_behavior.2477704152.cached_methods.#": "2",
                            "default_cache_behavior.2477704152.cached_methods.0": "HEAD",
                            "default_cache_behavior.2477704152.cached_methods.1": "GET",
                            "default_cache_behavior.2477704152.compress": "false",
                            "default_cache_behavior.2477704152.default_ttl": "0",
                            "default_cache_behavior.2477704152.forwarded_values.#": "1",
                            "default_cache_behavior.2477704152.forwarded_values.2844655205.cookies.#": "1",
                            "default_cache_behavior.2477704152.forwarded_values.2844655205.cookies.1870923232.forward": "all",
                            "default_cache_behavior.2477704152.forwarded_values.2844655205.cookies.1870923232.whitelisted_names.#": "0",
                            "default_cache_behavior.2477704152.forwarded_values.2844655205.headers.#": "0",
                            "default_cache_behavior.2477704152.forwarded_values.2844655205.query_string": "true",
                            "default_cache_behavior.2477704152.forwarded_values.2844655205.query_string_cache_keys.#": "0",
                            "default_cache_behavior.2477704152.lambda_function_association.#": "0",
                            "default_cache_behavior.2477704152.max_ttl": "0",
                            "default_cache_behavior.2477704152.min_ttl": "0",
                            "default_cache_behavior.2477704152.smooth_streaming": "false",
                            "default_cache_behavior.2477704152.target_origin_id": "lucidifyOrigin",
                            "default_cache_behavior.2477704152.trusted_signers.#": "0",
                            "default_cache_behavior.2477704152.viewer_protocol_policy": "redirect-to-https",
                            "default_root_object": "index.html",
                            "domain_name": "d24sh44j1zr6ry.cloudfront.net",
                            "enabled": "true",
                            "etag": "E2AISVLTVJFIO5",
                            "hosted_zone_id": "Z2FDTNDATAQYW2",
                            "http_version": "http2",
                            "id": "E20ATBP3TNJR4T",
                            "in_progress_validation_batches": "0",
                            "is_ipv6_enabled": "false",
                            "last_modified_time": "2017-10-31 01:32:38.514 +0000 UTC",
                            "logging_config.#": "0",
                            "origin.#": "1",
                            "origin.2197498934.custom_header.#": "0",
                            "origin.2197498934.custom_origin_config.#": "0",
                            "origin.2197498934.domain_name": "www.lucidi.fi.s3.amazonaws.com",
                            "origin.2197498934.origin_id": "lucidifyOrigin",
                            "origin.2197498934.origin_path": "",
                            "origin.2197498934.s3_origin_config.#": "0",
                            "price_class": "PriceClass_All",
                            "restrictions.#": "1",
                            "restrictions.1097372288.geo_restriction.#": "1",
                            "restrictions.1097372288.geo_restriction.2625240281.locations.#": "0",
                            "restrictions.1097372288.geo_restriction.2625240281.restriction_type": "none",
                            "retain_on_delete": "false",
                            "status": "Deployed",
                            "tags.%": "0",
                            "viewer_certificate.#": "1",
                            "viewer_certificate.1598975004.acm_certificate_arn": "arn:aws:acm:us-east-1:517024416594:certificate/c4fbecef-0270-4a35-8148-35fed71fe3d8",
                            "viewer_certificate.1598975004.cloudfront_default_certificate": "false",
                            "viewer_certificate.1598975004.iam_certificate_id": "",
                            "viewer_certificate.1598975004.minimum_protocol_version": "TLSv1",
                            "viewer_certificate.1598975004.ssl_support_method": "sni-only",
                            "web_acl_id": ""
                        },
                        "meta": {},
                        "tainted": false
                    },
                    "deposed": [],
                    "provider": ""
                },
                "aws_iam_role.api_executor": {
                    "type": "aws_iam_role",
                    "depends_on": [],
                    "primary": {
                        "id": "api-executor-role",
                        "attributes": {
                            "arn": "arn:aws:iam::517024416594:role/api-executor-role",
                            "assume_role_policy": "{\"Version\":\"2012-10-17\",\"Statement\":[{\"Sid\":\"\",\"Effect\":\"Allow\",\"Principal\":{\"Service\":\"apigateway.amazonaws.com\"},\"Action\":\"sts:AssumeRole\"}]}",
                            "create_date": "2017-10-31T00:25:12Z",
                            "force_detach_policies": "false",
                            "id": "api-executor-role",
                            "name": "api-executor-role",
                            "path": "/",
                            "unique_id": "AROAJEK22KIMYNCQBCR22"
                        },
                        "meta": {},
                        "tainted": false
                    },
                    "deposed": [],
                    "provider": ""
                },
                "aws_iam_role.api_lambda": {
                    "type": "aws_iam_role",
                    "depends_on": [],
                    "primary": {
                        "id": "api-lambda-role",
                        "attributes": {
                            "arn": "arn:aws:iam::517024416594:role/api-lambda-role",
                            "assume_role_policy": "{\"Version\":\"2012-10-17\",\"Statement\":[{\"Sid\":\"\",\"Effect\":\"Allow\",\"Principal\":{\"Service\":[\"lambda.amazonaws.com\",\"apigateway.amazonaws.com\"]},\"Action\":\"sts:AssumeRole\"}]}",
                            "create_date": "2017-10-31T00:25:12Z",
                            "force_detach_policies": "false",
                            "id": "api-lambda-role",
                            "name": "api-lambda-role",
                            "path": "/",
                            "unique_id": "AROAJDFDQ23EPOKFEU5HI"
                        },
                        "meta": {},
                        "tainted": false
                    },
                    "deposed": [],
                    "provider": ""
                },
                "aws_iam_role_policy.api_executor_policy": {
                    "type": "aws_iam_role_policy",
                    "depends_on": [
                        "aws_iam_role.api_executor"
                    ],
                    "primary": {
                        "id": "api-executor-role:terraform-20171031002513347000000001",
                        "attributes": {
                            "id": "api-executor-role:terraform-20171031002513347000000001",
                            "name": "terraform-20171031002513347000000001",
                            "policy": "{\n  \"Version\": \"2012-10-17\",\n  \"Statement\": [\n    {\n      \"Action\": \"lambda:InvokeFunction\",\n      \"Effect\": \"Allow\",\n      \"Resource\": \"*\"\n    }\n  ]\n}\n",
                            "role": "api-executor-role"
                        },
                        "meta": {},
                        "tainted": false
                    },
                    "deposed": [],
                    "provider": ""
                },
                "aws_lambda_function.api_login": {
                    "type": "aws_lambda_function",
                    "depends_on": [
                        "aws_iam_role.api_lambda",
                        "data.archive_file.login_lambda_zip"
                    ],
                    "primary": {
                        "id": "login-lambda",
                        "attributes": {
                            "arn": "arn:aws:lambda:us-east-1:517024416594:function:login-lambda",
                            "dead_letter_config.#": "0",
                            "description": "",
                            "environment.#": "0",
                            "filename": "login_lambda.zip",
                            "function_name": "login-lambda",
                            "handler": "login.lambda_handler",
                            "id": "login-lambda",
                            "invoke_arn": "arn:aws:apigateway:us-east-1:lambda:path/2015-03-31/functions/arn:aws:lambda:us-east-1:517024416594:function:login-lambda/invocations",
                            "kms_key_arn": "",
                            "last_modified": "2017-10-31T02:59:52.157+0000",
                            "memory_size": "128",
                            "publish": "false",
                            "qualified_arn": "arn:aws:lambda:us-east-1:517024416594:function:login-lambda:$LATEST",
                            "role": "arn:aws:iam::517024416594:role/api-lambda-role",
                            "runtime": "python3.6",
                            "source_code_hash": "0X3VyvK78gqUuYC9ubm2raviqoXv2GBjVx7eEHCddVI=",
                            "tags.%": "0",
                            "timeout": "3",
                            "tracing_config.#": "1",
                            "tracing_config.0.mode": "PassThrough",
                            "version": "$LATEST",
                            "vpc_config.#": "0"
                        },
                        "meta": {},
                        "tainted": false
                    },
                    "deposed": [],
                    "provider": ""
                },
                "aws_lambda_permission.from_apigw": {
                    "type": "aws_lambda_permission",
                    "depends_on": [
                        "aws_api_gateway_rest_api.lucidify",
                        "aws_lambda_function.api_login",
                        "data.aws_caller_identity.current",
                        "data.aws_region.current"
                    ],
                    "primary": {
                        "id": "AllowExecutionFromApiGatewayMethod",
                        "attributes": {
                            "action": "lambda:InvokeFunction",
                            "function_name": "login-lambda",
                            "id": "AllowExecutionFromApiGatewayMethod",
                            "principal": "apigateway.amazonaws.com",
                            "qualifier": "",
                            "source_arn": "arn:aws:execute-api:us-east-1:517024416594:m78dvviefb/*/*/",
                            "statement_id": "AllowExecutionFromApiGatewayMethod"
                        },
                        "meta": {},
                        "tainted": false
                    },
                    "deposed": [],
                    "provider": ""
                },
                "aws_route53_record.lucidify_api": {
                    "type": "aws_route53_record",
                    "depends_on": [
                        "aws_api_gateway_domain_name.lucidify",
                        "data.aws_route53_zone.primary"
                    ],
                    "primary": {
                        "id": "ZUBCURY7TV02_api.lucidi.fi_A",
                        "attributes": {
                            "alias.#": "1",
                            "alias.3572462332.evaluate_target_health": "false",
                            "alias.3572462332.name": "dbhq0hz9b61er.cloudfront.net",
                            "alias.3572462332.zone_id": "Z2FDTNDATAQYW2",
                            "fqdn": "api.lucidi.fi",
                            "health_check_id": "",
                            "id": "ZUBCURY7TV02_api.lucidi.fi_A",
                            "name": "api.lucidi.fi",
                            "records.#": "0",
                            "set_identifier": "",
                            "ttl": "0",
                            "type": "A",
                            "zone_id": "ZUBCURY7TV02"
                        },
                        "meta": {
                            "schema_version": "2"
                        },
                        "tainted": false
                    },
                    "deposed": [],
                    "provider": ""
                },
                "aws_route53_record.static_site_dns": {
                    "type": "aws_route53_record",
                    "depends_on": [
                        "aws_cloudfront_distribution.site_distribution",
                        "data.aws_route53_zone.primary"
                    ],
                    "primary": {
                        "id": "ZUBCURY7TV02_www.lucidi.fi_A",
                        "attributes": {
                            "alias.#": "1",
                            "alias.2973138001.evaluate_target_health": "false",
                            "alias.2973138001.name": "d24sh44j1zr6ry.cloudfront.net",
                            "alias.2973138001.zone_id": "Z2FDTNDATAQYW2",
                            "fqdn": "www.lucidi.fi",
                            "health_check_id": "",
                            "id": "ZUBCURY7TV02_www.lucidi.fi_A",
                            "name": "www.lucidi.fi",
                            "records.#": "0",
                            "set_identifier": "",
                            "ttl": "0",
                            "type": "A",
                            "zone_id": "ZUBCURY7TV02"
                        },
                        "meta": {
                            "schema_version": "2"
                        },
                        "tainted": false
                    },
                    "deposed": [],
                    "provider": ""
                },
                "aws_route53_record.static_site_dns_2": {
                    "type": "aws_route53_record",
                    "depends_on": [
                        "aws_cloudfront_distribution.site_distribution",
                        "data.aws_route53_zone.primary"
                    ],
                    "primary": {
                        "id": "ZUBCURY7TV02_lucidi.fi_A",
                        "attributes": {
                            "alias.#": "1",
                            "alias.2973138001.evaluate_target_health": "false",
                            "alias.2973138001.name": "d24sh44j1zr6ry.cloudfront.net",
                            "alias.2973138001.zone_id": "Z2FDTNDATAQYW2",
                            "fqdn": "lucidi.fi",
                            "health_check_id": "",
                            "id": "ZUBCURY7TV02_lucidi.fi_A",
                            "name": "lucidi.fi",
                            "records.#": "0",
                            "set_identifier": "",
                            "ttl": "0",
                            "type": "A",
                            "zone_id": "ZUBCURY7TV02"
                        },
                        "meta": {
                            "schema_version": "2"
                        },
                        "tainted": false
                    },
                    "deposed": [],
                    "provider": ""
                },
                "aws_s3_bucket.static_site_bucket": {
                    "type": "aws_s3_bucket",
                    "depends_on": [],
                    "primary": {
                        "id": "www.lucidi.fi",
                        "attributes": {
                            "acceleration_status": "",
                            "acl": "public-read",
                            "arn": "arn:aws:s3:::www.lucidi.fi",
                            "bucket": "www.lucidi.fi",
                            "bucket_domain_name": "www.lucidi.fi.s3.amazonaws.com",
                            "force_destroy": "false",
                            "hosted_zone_id": "Z3AQBSTGFYJSTF",
                            "id": "www.lucidi.fi",
                            "logging.#": "0",
                            "policy": "{\"Statement\":[{\"Action\":\"s3:GetObject\",\"Effect\":\"Allow\",\"Principal\":\"*\",\"Resource\":\"arn:aws:s3:::www.lucidi.fi/*\",\"Sid\":\"PublicReadGetObject\"}],\"Version\":\"2012-10-17\"}",
                            "region": "us-east-1",
                            "request_payer": "BucketOwner",
                            "tags.%": "0",
                            "versioning.#": "1",
                            "versioning.0.enabled": "false",
                            "versioning.0.mfa_delete": "false",
                            "website.#": "1",
                            "website.0.error_document": "",
                            "website.0.index_document": "index.html",
                            "website.0.redirect_all_requests_to": "",
                            "website.0.routing_rules": "",
                            "website_domain": "s3-website-us-east-1.amazonaws.com",
                            "website_endpoint": "www.lucidi.fi.s3-website-us-east-1.amazonaws.com"
                        },
                        "meta": {},
                        "tainted": false
                    },
                    "deposed": [],
                    "provider": ""
                },
                "data.archive_file.login_lambda_zip": {
                    "type": "archive_file",
                    "depends_on": [],
                    "primary": {
                        "id": "7f584cf7bd67819476eed54f9126ca8bb76a2f6a",
                        "attributes": {
                            "id": "7f584cf7bd67819476eed54f9126ca8bb76a2f6a",
                            "output_base64sha256": "0X3VyvK78gqUuYC9ubm2raviqoXv2GBjVx7eEHCddVI=",
                            "output_md5": "e069bc70295cd49b1f47e1fbc9541db0",
                            "output_path": "login_lambda.zip",
                            "output_sha": "7f584cf7bd67819476eed54f9126ca8bb76a2f6a",
                            "output_size": "13719053",
                            "source.#": "0",
                            "source_dir": "lambdas/login",
                            "type": "zip"
                        },
                        "meta": {},
                        "tainted": false
                    },
                    "deposed": [],
                    "provider": ""
                },
                "data.aws_acm_certificate.lucidify": {
                    "type": "aws_acm_certificate",
                    "depends_on": [],
                    "primary": {
                        "id": "2017-10-31 02:58:57.9468978 +0000 UTC",
                        "attributes": {
                            "arn": "arn:aws:acm:us-east-1:517024416594:certificate/c4fbecef-0270-4a35-8148-35fed71fe3d8",
                            "domain": "*.lucidi.fi",
                            "id": "2017-10-31 02:58:57.9468978 +0000 UTC"
                        },
                        "meta": {},
                        "tainted": false
                    },
                    "deposed": [],
                    "provider": ""
                },
                "data.aws_caller_identity.current": {
                    "type": "aws_caller_identity",
                    "depends_on": [],
                    "primary": {
                        "id": "2017-10-31 02:58:57.871713 +0000 UTC",
                        "attributes": {
                            "account_id": "517024416594",
                            "arn": "arn:aws:iam::517024416594:user/terraform-runner",
                            "id": "2017-10-31 02:58:57.871713 +0000 UTC",
                            "user_id": "AIDAJF46XEUZ3CYMGPKF6"
                        },
                        "meta": {},
                        "tainted": false
                    },
                    "deposed": [],
                    "provider": ""
                },
                "data.aws_region.current": {
                    "type": "aws_region",
                    "depends_on": [],
                    "primary": {
                        "id": "us-east-1",
                        "attributes": {
                            "current": "true",
                            "endpoint": "ec2.us-east-1.amazonaws.com",
                            "id": "us-east-1",
                            "name": "us-east-1"
                        },
                        "meta": {},
                        "tainted": false
                    },
                    "deposed": [],
                    "provider": ""
                },
                "data.aws_route53_zone.primary": {
                    "type": "aws_route53_zone",
                    "depends_on": [],
                    "primary": {
                        "id": "ZUBCURY7TV02",
                        "attributes": {
                            "caller_reference": "RISWorkflow-RD:6e4ae692-9c89-491c-ac73-1361f08fa9b8",
                            "comment": "HostedZone created by Route53 Registrar",
                            "id": "ZUBCURY7TV02",
                            "name": "lucidi.fi.",
                            "private_zone": "false",
                            "resource_record_set_count": "7",
                            "zone_id": "ZUBCURY7TV02"
                        },
                        "meta": {},
                        "tainted": false
                    },
                    "deposed": [],
                    "provider": ""
                }
            },
            "depends_on": []
        }
    ]
}
